
Microsoft Visual Studio Solution File, Format Version 12.00
# Visual Studio Version 17
VisualStudioVersion = 17.0.31903.59
MinimumVisualStudioVersion = 10.0.40219.1
Project("{2150E333-8FDC-42A3-9474-1A3956D46DE8}") = "src", "src", "{888F579C-7EBD-4735-B97C-94D62472C0C9}"
EndProject
Project("{FAE04EC0-301F-11D3-BF4B-00C04F79EFBC}") = "AuctionService", "src\AuctionService\AuctionService.csproj", "{95A5350A-05B8-44BC-ACCA-EC030386B887}"
EndProject
Project("{FAE04EC0-301F-11D3-BF4B-00C04F79EFBC}") = "SearchService", "src\SearchService\SearchService.csproj", "{89F516C6-9684-4E8E-AA24-480E07AFCE0B}"
EndProject
Project("{FAE04EC0-301F-11D3-BF4B-00C04F79EFBC}") = "Contracts", "src\Contracts\Contracts.csproj", "{56C4F429-0C37-4295-8BD3-07BD891B6858}"
EndProject
Global
	GlobalSection(SolutionConfigurationPlatforms) = preSolution
		Debug|Any CPU = Debug|Any CPU
		Release|Any CPU = Release|Any CPU
	EndGlobalSection
	GlobalSection(SolutionProperties) = preSolution
		HideSolutionNode = FALSE
	EndGlobalSection
	GlobalSection(ProjectConfigurationPlatforms) = postSolution
		{95A5350A-05B8-44BC-ACCA-EC030386B887}.Debug|Any CPU.ActiveCfg = Debug|Any CPU
		{95A5350A-05B8-44BC-ACCA-EC030386B887}.Debug|Any CPU.Build.0 = Debug|Any CPU
		{95A5350A-05B8-44BC-ACCA-EC030386B887}.Release|Any CPU.ActiveCfg = Release|Any CPU
		{95A5350A-05B8-44BC-ACCA-EC030386B887}.Release|Any CPU.Build.0 = Release|Any CPU
		{89F516C6-9684-4E8E-AA24-480E07AFCE0B}.Debug|Any CPU.ActiveCfg = Debug|Any CPU
		{89F516C6-9684-4E8E-AA24-480E07AFCE0B}.Debug|Any CPU.Build.0 = Debug|Any CPU
		{89F516C6-9684-4E8E-AA24-480E07AFCE0B}.Release|Any CPU.ActiveCfg = Release|Any CPU
		{89F516C6-9684-4E8E-AA24-480E07AFCE0B}.Release|Any CPU.Build.0 = Release|Any CPU
		{56C4F429-0C37-4295-8BD3-07BD891B6858}.Debug|Any CPU.ActiveCfg = Debug|Any CPU
		{56C4F429-0C37-4295-8BD3-07BD891B6858}.Debug|Any CPU.Build.0 = Debug|Any CPU
		{56C4F429-0C37-4295-8BD3-07BD891B6858}.Release|Any CPU.ActiveCfg = Release|Any CPU
		{56C4F429-0C37-4295-8BD3-07BD891B6858}.Release|Any CPU.Build.0 = Release|Any CPU
	EndGlobalSection
	GlobalSection(NestedProjects) = preSolution
		{95A5350A-05B8-44BC-ACCA-EC030386B887} = {888F579C-7EBD-4735-B97C-94D62472C0C9}
		{89F516C6-9684-4E8E-AA24-480E07AFCE0B} = {888F579C-7EBD-4735-B97C-94D62472C0C9}
		{56C4F429-0C37-4295-8BD3-07BD891B6858} = {888F579C-7EBD-4735-B97C-94D62472C0C9}
	EndGlobalSection
EndGlobal
